
Microsoft Visual Studio Solution File, Format Version 12.00
# Visual Studio Express 2013 for Windows Desktop
VisualStudioVersion = 12.0.31101.0
MinimumVisualStudioVersion = 10.0.40219.1
Project("{FAE04EC0-301F-11D3-BF4B-00C04F79EFBC}") = "Biomass-Insects", "Biomass-Insects.csproj", "{3F3CE9F4-22C1-4D4A-B7F6-715813337D02}"
EndProject
Project("{FAE04EC0-301F-11D3-BF4B-00C04F79EFBC}") = "LANDIS-II Debug Console", "..\..\..\..\Debug_Console_rc3\LANDIS-II Debug Console.csproj", "{742214C0-CBC9-4E06-8205-297A3EAE61B8}"
EndProject
Project("{FAE04EC0-301F-11D3-BF4B-00C04F79EFBC}") = "biomass-succession", "..\..\..\..\biomass-succession\trunk\src\biomass-succession.csproj", "{B696582D-362B-4902-9040-64365EABB93C}"
EndProject
Project("{FAE04EC0-301F-11D3-BF4B-00C04F79EFBC}") = "Biomass Library", "..\..\..\..\Biomass Library\trunk\src\Biomass Library.csproj", "{7D4D8E9B-5FE0-499A-8242-3E72D8DBC2D8}"
EndProject
Global
	GlobalSection(SolutionConfigurationPlatforms) = preSolution
		Debug|Any CPU = Debug|Any CPU
		Release|Any CPU = Release|Any CPU
	EndGlobalSection
	GlobalSection(ProjectConfigurationPlatforms) = postSolution
		{3F3CE9F4-22C1-4D4A-B7F6-715813337D02}.Debug|Any CPU.ActiveCfg = Debug|Any CPU
		{3F3CE9F4-22C1-4D4A-B7F6-715813337D02}.Debug|Any CPU.Build.0 = Debug|Any CPU
		{3F3CE9F4-22C1-4D4A-B7F6-715813337D02}.Release|Any CPU.ActiveCfg = Release|Any CPU
		{3F3CE9F4-22C1-4D4A-B7F6-715813337D02}.Release|Any CPU.Build.0 = Release|Any CPU
		{742214C0-CBC9-4E06-8205-297A3EAE61B8}.Debug|Any CPU.ActiveCfg = Debug|Any CPU
		{742214C0-CBC9-4E06-8205-297A3EAE61B8}.Debug|Any CPU.Build.0 = Debug|Any CPU
		{742214C0-CBC9-4E06-8205-297A3EAE61B8}.Release|Any CPU.ActiveCfg = Release|Any CPU
		{742214C0-CBC9-4E06-8205-297A3EAE61B8}.Release|Any CPU.Build.0 = Release|Any CPU
		{B696582D-362B-4902-9040-64365EABB93C}.Debug|Any CPU.ActiveCfg = Debug|Any CPU
		{B696582D-362B-4902-9040-64365EABB93C}.Debug|Any CPU.Build.0 = Debug|Any CPU
		{B696582D-362B-4902-9040-64365EABB93C}.Release|Any CPU.ActiveCfg = Release|Any CPU
		{B696582D-362B-4902-9040-64365EABB93C}.Release|Any CPU.Build.0 = Release|Any CPU
		{7D4D8E9B-5FE0-499A-8242-3E72D8DBC2D8}.Debug|Any CPU.ActiveCfg = Debug|Any CPU
		{7D4D8E9B-5FE0-499A-8242-3E72D8DBC2D8}.Debug|Any CPU.Build.0 = Debug|Any CPU
		{7D4D8E9B-5FE0-499A-8242-3E72D8DBC2D8}.Release|Any CPU.ActiveCfg = Release|Any CPU
		{7D4D8E9B-5FE0-499A-8242-3E72D8DBC2D8}.Release|Any CPU.Build.0 = Release|Any CPU
	EndGlobalSection
	GlobalSection(SolutionProperties) = preSolution
		HideSolutionNode = FALSE
	EndGlobalSection
EndGlobal
